// !$*UTF8*$!
{
	archiveVersion = 1;
	classes = {
	};
	objectVersion = 46;
	objects = {

/* Begin PBXBuildFile section */
		F2E325F01C20459400666A95 /* AppDelegate.swift in Sources */ = {isa = PBXBuildFile; fileRef = F2E325EF1C20459400666A95 /* AppDelegate.swift */; };
		F2E325F21C20459400666A95 /* ViewController.swift in Sources */ = {isa = PBXBuildFile; fileRef = F2E325F11C20459400666A95 /* ViewController.swift */; };
		F2E325F51C20459400666A95 /* Main.storyboard in Resources */ = {isa = PBXBuildFile; fileRef = F2E325F31C20459400666A95 /* Main.storyboard */; };
		F2E325F71C20459400666A95 /* Assets.xcassets in Resources */ = {isa = PBXBuildFile; fileRef = F2E325F61C20459400666A95 /* Assets.xcassets */; };
		F2E325FA1C20459400666A95 /* LaunchScreen.storyboard in Resources */ = {isa = PBXBuildFile; fileRef = F2E325F81C20459400666A95 /* LaunchScreen.storyboard */; };
/* End PBXBuildFile section */

/* Begin PBXFileReference section */
		F2E325EC1C20459400666A95 /* SuperCoolApp.app */ = {isa = PBXFileReference; explicitFileType = wrapper.application; includeInIndex = 0; path = SuperCoolApp.app; sourceTree = BUILT_PRODUCTS_DIR; };
		F2E325EF1C20459400666A95 /* AppDelegate.swift */ = {isa = PBXFileReference; lastKnownFileType = sourcecode.swift; path = AppDelegate.swift; sourceTree = "<group>"; };
		F2E325F11C20459400666A95 /* ViewController.swift */ = {isa = PBXFileReference; lastKnownFileType = sourcecode.swift; path = ViewController.swift; sourceTree = "<group>"; };
		F2E325F41C20459400666A95 /* Base */ = {isa = PBXFileReference; lastKnownFileType = file.storyboard; name = Base; path = Base.lproj/Main.storyboard; sourceTree = "<group>"; };
		F2E325F61C20459400666A95 /* Assets.xcassets */ = {isa = PBXFileReference; lastKnownFileType = folder.assetcatalog; path = Assets.xcassets; sourceTree = "<group>"; };
		F2E325F91C20459400666A95 /* Base */ = {isa = PBXFileReference; lastKnownFileType = file.storyboard; name = Base; path = Base.lproj/LaunchScreen.storyboard; sourceTree = "<group>"; };
		F2E325FB1C20459400666A95 /* Info.plist */ = {isa = PBXFileReference; lastKnownFileType = text.plist.xml; path = Info.plist; sourceTree = "<group>"; };
/* End PBXFileReference section */

/* Begin PBXFrameworksBuildPhase section */
		F2E325E91C20459400666A95 /* Frameworks */ = {
			isa = PBXFrameworksBuildPhase;
			buildActionMask = 2147483647;
			files = (
			);
			runOnlyForDeploymentPostprocessing = 0;
		};
/* End PBXFrameworksBuildPhase section */

/* Begin PBXGroup section */
		F2E325E31C20459400666A95 = {
			isa = PBXGroup;
			children = (
				F2E325EE1C20459400666A95 /* SuperCoolApp */,
				F2E325ED1C20459400666A95 /* Products */,
			);
			sourceTree = "<group>";
		};
		F2E325ED1C20459400666A95 /* Products */ = {
			isa = PBXGroup;
			children = (
				F2E325EC1C20459400666A95 /* SuperCoolApp.app */,
			);
			name = Products;
			sourceTree = "<group>";
		};
		F2E325EE1C20459400666A95 /* SuperCoolApp */ = {
			isa = PBXGroup;
			children = (
				F2E325EF1C20459400666A95 /* AppDelegate.swift */,
				F2E325F11C20459400666A95 /* ViewController.swift */,
				F2E325F31C20459400666A95 /* Main.storyboard */,
				F2E325F61C20459400666A95 /* Assets.xcassets */,
				F2E325F81C20459400666A95 /* LaunchScreen.storyboard */,
				F2E325FB1C20459400666A95 /* Info.plist */,
			);
			path = SuperCoolApp;
			sourceTree = "<group>";
		};
/* End PBXGroup section */

/* Begin PBXNativeTarget section */
		F2E325EB1C20459400666A95 /* SuperCoolApp */ = {
			isa = PBXNativeTarget;
			buildConfigurationList = F2E325FE1C20459400666A95 /* Build configuration list for PBXNativeTarget "SuperCoolApp" */;
			buildPhases = (
				F2E325E81C20459400666A95 /* Sources */,
				F2E325E91C20459400666A95 /* Frameworks */,
				F2E325EA1C20459400666A95 /* Resources */,
			);
			buildRules = (
			);
			dependencies = (
			);
			name = SuperCoolApp;
			productName = SuperCoolApp;
			productReference = F2E325EC1C20459400666A95 /* SuperCoolApp.app */;
			productType = "com.apple.product-type.application";
		};
/* End PBXNativeTarget section */

/* Begin PBXProject section */
		F2E325E41C20459400666A95 /* Project object */ = {
			isa = PBXProject;
			attributes = {
				LastSwiftUpdateCheck = 0720;
				LastUpgradeCheck = 0720;
				ORGANIZATIONNAME = iDeveloper;
				TargetAttributes = {
					F2E325EB1C20459400666A95 = {
						CreatedOnToolsVersion = 7.2;
					};
				};
			};
			buildConfigurationList = F2E325E71C20459400666A95 /* Build configuration list for PBXProject "SuperCoolApp" */;
			compatibilityVersion = "Xcode 3.2";
			developmentRegion = English;
			hasScannedForEncodings = 0;
			knownRegions = (
				en,
				Base,
			);
			mainGroup = F2E325E31C20459400666A95;
			productRefGroup = F2E325ED1C20459400666A95 /* Products */;
			projectDirPath = "";
			projectRoot = "";
			targets = (
				F2E325EB1C20459400666A95 /* SuperCoolApp */,
			);
		};
/* End PBXProject section */

/* Begin PBXResourcesBuildPhase section */
		F2E325EA1C20459400666A95 /* Resources */ = {
			isa = PBXResourcesBuildPhase;
			buildActionMask = 2147483647;
			files = (
				F2E325FA1C20459400666A95 /* LaunchScreen.storyboard in Resources */,
				F2E325F71C20459400666A95 /* Assets.xcassets in Resources */,
				F2E325F51C20459400666A95 /* Main.storyboard in Resources */,
			);
			runOnlyForDeploymentPostprocessing = 0;
		};
/* End PBXResourcesBuildPhase section */

/* Begin PBXSourcesBuildPhase section */
		F2E325E81C20459400666A95 /* Sources */ = {
			isa = PBXSourcesBuildPhase;
			buildActionMask = 2147483647;
			files = (
				F2E325F21C20459400666A95 /* ViewController.swift in Sources */,
				F2E325F01C20459400666A95 /* AppDelegate.swift in Sources */,
			);
			runOnlyForDeploymentPostprocessing = 0;
		};
/* End PBXSourcesBuildPhase section */

/* Begin PBXVariantGroup section */
		F2E325F31C20459400666A95 /* Main.storyboard */ = {
			isa = PBXVariantGroup;
			children = (
				F2E325F41C20459400666A95 /* Base */,
			);
			name = Main.storyboard;
			sourceTree = "<group>";
		};
		F2E325F81C20459400666A95 /* LaunchScreen.storyboard */ = {
			isa = PBXVariantGroup;
			children = (
				F2E325F91C20459400666A95 /* Base */,
			);
			name = LaunchScreen.storyboard;
			sourceTree = "<group>";
		};
/* End PBXVariantGroup section */

/* Begin XCBuildConfiguration section */
		F2E325FC1C20459400666A95 /* Debug */ = {
			isa = XCBuildConfiguration;
			buildSettings = {
				ALWAYS_SEARCH_USER_PATHS = NO;
				CLANG_CXX_LANGUAGE_STANDARD = "gnu++0x";
				CLANG_CXX_LIBRARY = "libc++";
				CLANG_ENABLE_MODULES = YES;
				CLANG_ENABLE_OBJC_ARC = YES;
				CLANG_WARN_BOOL_CONVERSION = YES;
				CLANG_WARN_CONSTANT_CONVERSION = YES;
				CLANG_WARN_DIRECT_OBJC_ISA_USAGE = YES_ERROR;
				CLANG_WARN_EMPTY_BODY = YES;
				CLANG_WARN_ENUM_CONVERSION = YES;
				CLANG_WARN_INT_CONVERSION = YES;
				CLANG_WARN_OBJC_ROOT_CLASS = YES_ERROR;
				CLANG_WARN_UNREACHABLE_CODE = YES;
				CLANG_WARN__DUPLICATE_METHOD_MATCH = YES;
				"CODE_SIGN_IDENTITY[sdk=iphoneos*]" = "iPhone Developer";
				COPY_PHASE_STRIP = NO;
				DEBUG_INFORMATION_FORMAT = dwarf;
				ENABLE_STRICT_OBJC_MSGSEND = YES;
				ENABLE_TESTABILITY = YES;
				GCC_C_LANGUAGE_STANDARD = gnu99;
				GCC_DYNAMIC_NO_PIC = NO;
				GCC_NO_COMMON_BLOCKS = YES;
				GCC_OPTIMIZATION_LEVEL = 0;
				GCC_PREPROCESSOR_DEFINITIONS = (
					"DEBUG=1",
					"$(inherited)",
				);
				GCC_WARN_64_TO_32_BIT_CONVERSION = YES;
				GCC_WARN_ABOUT_RETURN_TYPE = YES_ERROR;
				GCC_WARN_UNDECLARED_SELECTOR = YES;
				GCC_WARN_UNINITIALIZED_AUTOS = YES_AGGRESSIVE;
				GCC_WARN_UNUSED_FUNCTION = YES;
				GCC_WARN_UNUSED_VARIABLE = YES;
				IPHONEOS_DEPLOYMENT_TARGET = 9.2;
				MTL_ENABLE_DEBUG_INFO = YES;
				ONLY_ACTIVE_ARCH = YES;
				SDKROOT = iphoneos;
				SWIFT_OPTIMIZATION_LEVEL = "-Onone";
			};
			name = Debug;
		};
		F2E325FD1C20459400666A95 /* Release */ = {
			isa = XCBuildConfiguration;
			buildSettings = {
				ALWAYS_SEARCH_USER_PATHS = NO;
				CLANG_CXX_LANGUAGE_STANDARD = "gnu++0x";
				CLANG_CXX_LIBRARY = "libc++";
				CLANG_ENABLE_MODULES = YES;
				CLANG_ENABLE_OBJC_ARC = YES;
				CLANG_WARN_BOOL_CONVERSION = YES;
				CLANG_WARN_CONSTANT_CONVERSION = YES;
				CLANG_WARN_DIRECT_OBJC_ISA_USAGE = YES_ERROR;
				CLANG_WARN_EMPTY_BODY = YES;
				CLANG_WARN_ENUM_CONVERSION = YES;
				CLANG_WARN_INT_CONVERSION = YES;
				CLANG_WARN_OBJC_ROOT_CLASS = YES_ERROR;
				CLANG_WARN_UNREACHABLE_CODE = YES;
				CLANG_WARN__DUPLICATE_METHOD_MATCH = YES;
				"CODE_SIGN_IDENTITY[sdk=iphoneos*]" = "iPhone Developer";
				COPY_PHASE_STRIP = NO;
				DEBUG_INFORMATION_FORMAT = "dwarf-with-dsym";
				ENABLE_NS_ASSERTIONS = NO;
				ENABLE_STRICT_OBJC_MSGSEND = YES;
				GCC_C_LANGUAGE_STANDARD = gnu99;
				GCC_NO_COMMON_BLOCKS = YES;
				GCC_WARN_64_TO_32_BIT_CONVERSION = YES;
				GCC_WARN_ABOUT_RETURN_TYPE = YES_ERROR;
				GCC_WARN_UNDECLARED_SELECTOR = YES;
				GCC_WARN_UNINITIALIZED_AUTOS = YES_AGGRESSIVE;
				GCC_WARN_UNUSED_FUNCTION = YES;
				GCC_WARN_UNUSED_VARIABLE = YES;
				IPHONEOS_DEPLOYMENT_TARGET = 9.2;
				MTL_ENABLE_DEBUG_INFO = NO;
				SDKROOT = iphoneos;
				VALIDATE_PRODUCT = YES;
			};
			name = Release;
		};
		F2E325FF1C20459400666A95 /* Debug */ = {
			isa = XCBuildConfiguration;
			buildSettings = {
				ASSETCATALOG_COMPILER_APPICON_NAME = AppIcon;
				INFOPLIST_FILE = SuperCoolApp/Info.plist;
				LD_RUNPATH_SEARCH_PATHS = "$(inherited) @executable_path/Frameworks";
				PRODUCT_BUNDLE_IDENTIFIER = com.business.SuperCoolApp;
				PRODUCT_NAME = "$(TARGET_NAME)";
			};
			name = Debug;
		};
		F2E326001C20459400666A95 /* Release */ = {
			isa = XCBuildConfiguration;
			buildSettings = {
				ASSETCATALOG_COMPILER_APPICON_NAME = AppIcon;
				INFOPLIST_FILE = SuperCoolApp/Info.plist;
				LD_RUNPATH_SEARCH_PATHS = "$(inherited) @executable_path/Frameworks";
				PRODUCT_BUNDLE_IDENTIFIER = com.business.SuperCoolApp;
				PRODUCT_NAME = "$(TARGET_NAME)";
			};
			name = Release;
		};
/* End XCBuildConfiguration section */

/* Begin XCConfigurationList section */
		F2E325E71C20459400666A95 /* Build configuration list for PBXProject "SuperCoolApp" */ = {
			isa = XCConfigurationList;
			buildConfigurations = (
				F2E325FC1C20459400666A95 /* Debug */,
				F2E325FD1C20459400666A95 /* Release */,
			);
			defaultConfigurationIsVisible = 0;
			defaultConfigurationName = Release;
		};
		F2E325FE1C20459400666A95 /* Build configuration list for PBXNativeTarget "SuperCoolApp" */ = {
			isa = XCConfigurationList;
			buildConfigurations = (
				F2E325FF1C20459400666A95 /* Debug */,
				F2E326001C20459400666A95 /* Release */,
			);
			defaultConfigurationIsVisible = 0;
		};
/* End XCConfigurationList section */
	};
	rootObject = F2E325E41C20459400666A95 /* Project object */;
}
